{
    "_meta": {
        "hash": {
            "sha256": "38acb5947c87de7141d78fb6d0305f7ca60eb55102bc90bc1c0750c74cf88488"
        },
        "pipfile-spec": 6,
        "requires": {
            "python_version": "3.8"
        },
        "sources": [
            {
                "name": "pypi",
                "url": "https://pypi.org/simple",
                "verify_ssl": true
            },
            {
                "name": "pypi-org-simple",
                "url": "https://pypi.org/simple",
                "verify_ssl": true
            }
        ]
    },
    "default": {
        "cycler": {
            "hashes": [
                "sha256:3a27e95f763a428a739d2add979fa7494c912a32c17c4c38c4d5f082cad165a3",
                "sha256:9c87405839a19696e837b3b818fed3f5f69f16f1eec1a1ad77e043dcea9c772f"
            ],
            "index": "pypi-org-simple",
            "version": "==0.11.0"
        },
        "cython": {
            "hashes": [
                "sha256:48c8adf0006be76afcd30e73d75c4dfd356e97999b2ab79c6301a862a0b3a77b",
                "sha256:d8eaa098e2a72085256a3d653be56d649a1124cb41f38011e7c2482f5d940a4c",
                "sha256:8c4c08af0e3f6223aad6a04e82a73781718e820b1b1f75e4ddf49ade8b006851",
                "sha256:aaf3c90fc7bb99810026efc5b8cb72b8ea5eaa1ea703fa83cf7adc61b9a3cea7",
                "sha256:e0f21b82eac4904d6881a5e4b9f005b6e2840efae744392b3b44051d19b910f7",
                "sha256:4ac45cb2b19c72585803c39ee4ba0f7d890d6519a9a3e9d609dde22523410722",
                "sha256:52c22859eac6a35f3995eb595664d898fb35a29c82ed2123ec8e882250d4e490",
                "sha256:971ddc0096ead71b727b5bbe5afdcabe897e188e2a91e4e702f1309d298c067d",
                "sha256:36b867cd86f7cd70d8bd5886fe26a610b89c26cfa7a620a7aa547a7709294bfd",
                "sha256:0fb13aed57cce88885da12f5544e8d232de289d63c046d05a4ad623580341155",
                "sha256:56c4e731825af64e807485f375ac11f2230f2577d06b0a74fafd2f3a84f9e38f",
                "sha256:6337e187f20439ddeb0b80309d9ae31b9d7c501101781a5504fc744f2dbc20a8",
                "sha256:b3b4263e41c3006ad1a803c9e6d92782ea699f205923e77d21c2c3857f9d9201",
                "sha256:91511474c9b4601ba96f8f8b9760a30d0fa998a4f4bfd59357276fc1c08904ed",
                "sha256:c94161198402186f30e8b98cecf1968510632f72dbe41768aa3235d372786ee5",
                "sha256:635012bfb82aa0e3694b1c22bf0c85b416acf83000b80d6c305205d06dc91f90",
                "sha256:bdee52750abd8dc1ca4afce798763ad3c955bd05d9855603d8abab552d807e2c",
                "sha256:aa4e01e2ed8809c1c04032154aa3e3a03f6be5db9eb5edd30ee73cf23fcf50ca",
                "sha256:0460b40126103a49a84bf798d0faf9538f87f34dfc0cffce278678359b6db23f",
                "sha256:10aca15d4b337c693fdcec319f7c71c75562e435d38f4fea11ab4e2b7a59448d",
                "sha256:6a677135a33240abe9040f5dbc1c79e162583b7f5e24eb668882de9a771836eb",
                "sha256:144380701f90833594a2e8d4e182dcfc1f90e125f2b8b1c50b4985fc9c3c234e",
                "sha256:30903eb8a52c7ecaf3144c692372b5bab838a65941c520931c319c453dc0f802",
                "sha256:1d84cca12ff2739ae6d788698de4e1b17e8fe6ffea637e6167cc59825e76aae6",
                "sha256:6e3a018fe09962c48415f1a713a3ae10a7b44d33bdbc9b09a831ef9d15ec745a",
                "sha256:c425761ec961eba76935dfc1ba782919b975d6430018dfcbf7e44838e61eb1f5",
                "sha256:ff5c291b9ee97737476548c7be02bab39103b996bab96b5314edd347e1689534",
                "sha256:1c58c7154142c9ad084f6677427dd6dc063c49425229422642736a5312e0b6bb",
                "sha256:d275b779510e0b9f48f39e8034b90e58bb1d747b1c9d2e020b5f3255855895f4",
                "sha256:6ba0384f8df54662d665bf03ce463c187393b1841948668850f73f033b0c8c3f",
                "sha256:f57234e41735521fe406e4f0f944b15dfe66a3ba7e4aaafd7e2ee05aa32b8277",
                "sha256:5c27a73c0419a34059e329f9ae8579d00b6b0d5b7c6dfc7a9a32a2fe882bfb1b",
                "sha256:48279cca752a28e942339dc7810307c30accca194d32ee08f6cb9a1f7ac1e192",
                "sha256:649e3b4667b509d1ef1916806f2a48b0db0542c2693c8cb81b191ff112f9f028",
                "sha256:068661d9df2d3db08ab4799b8a3314c67e6ce7e8d06640bf70aac09feb145f54",
                "sha256:880abf2abf11331d12f73063e1443dd78b27e1d7eb80bb1db3a6175ea041f034",
                "sha256:07412b12a9adc5caebfd07c2b6fcaf4d8ea8db680cfb52a2d8f0be482955ed5b",
                "sha256:d5a17108c5d765bacb7a7c16d339172e38379023746bb9126b9912086e7487e4",
                "sha256:23931c45877432097cef9de2db2dc66322cbc4fc3ebbb42c476bb2c768cecff0"
            ],
            "index": "pypi-org-simple",
            "version": "==3.0.0a9"
        },
        "fonttools": {
            "hashes": [
                "sha256:f829c579a8678fa939a1d9e9894d01941db869de44390adb49ce67055a06cc2a",
                "sha256:c0fdcfa8ceebd7c1b2021240bd46ef77aa8e7408cf10434be55df52384865f8e",
                "sha256:f829c579a8678fa939a1d9e9894d01941db869de44390adb49ce67055a06cc2a",
                "sha256:c0fdcfa8ceebd7c1b2021240bd46ef77aa8e7408cf10434be55df52384865f8e"
            ],
            "index": "pypi-org-simple",
            "version": "==4.33.3"
        },
        "imageio": {
            "hashes": [
                "sha256:2c01611a90ac87119833946a41af53e55d68ec68e25e2780e6c3ce665100d006",
                "sha256:46e1e74128837d2a1ebc87476b7f73978b69a128fa238bc989b625a9819bd9b3",
                "sha256:2c01611a90ac87119833946a41af53e55d68ec68e25e2780e6c3ce665100d006",
                "sha256:46e1e74128837d2a1ebc87476b7f73978b69a128fa238bc989b625a9819bd9b3",
                "sha256:2c01611a90ac87119833946a41af53e55d68ec68e25e2780e6c3ce665100d006",
                "sha256:46e1e74128837d2a1ebc87476b7f73978b69a128fa238bc989b625a9819bd9b3"
            ],
            "index": "pypi-org-simple",
            "version": "==2.19.2"
        },
        "jpegio": {
            "hashes": [
                "sha256:f5f143fb1488dbd505d93b6c4fb1e5810d4ae948d39b47162f214185f0c3c7eb",
                "sha256:9fb4d7e7e0c22cb9f7f505bc617bb09dec4644ac84f17b29ffa9d7d5672e1c00",
                "sha256:8be89a7e5aadcbc0c015cc07c36820d03fce40a860cf901c06e708b85f9f1c73",
                "sha256:f2b4d9e34142a59211adcad43cc5e6d286cc2e081a2ba39cf254fe1756fe392a",
                "sha256:93218d423fa33c09a6c6b9bba4c984f059e9baf007f3916b87104ef11be6bad3",
                "sha256:d8dde9a14f33e7202986baec337fea75c4edab30b6b64d6b94e8c9c2d38c40cc",
                "sha256:096039e2e407288e84d681496f5baf50885b3f023014ba072bce20e12d321438"
            ],
            "index": "pypi-org-simple",
            "version": "==0.2.8"
        },
        "kiwisolver": {
            "hashes": [
                "sha256:6e395ece147f0692ca7cdb05a028d31b83b72c369f7b4a2c1798f4b96af1e3d8",
                "sha256:0b7f50a1a25361da3440f07c58cd1d79957c2244209e4f166990e770256b6b0b",
                "sha256:3c032c41ae4c3a321b43a3650e6ecc7406b99ff3e5279f24c9b310f41bc98479",
                "sha256:1dcade8f6fe12a2bb4efe2cbe22116556e3b6899728d3b2a0d3b367db323eacc",
                "sha256:0e45e780a74416ef2f173189ef4387e44b5494f45e290bcb1f03735faa6779bf",
                "sha256:9d2bb56309fb75a811d81ed55fbe2208aa77a3a09ff5f546ca95e7bb5fac6eff",
                "sha256:69b2d6c12f2ad5f55104a36a356192cfb680c049fe5e7c1f6620fc37f119cdc2",
                "sha256:262c248c60f22c2b547683ad521e8a3db5909c71f679b93876921549107a0c24",
                "sha256:1008346a7741620ab9cc6c96e8ad9b46f7a74ce839dbb8805ddf6b119d5fc6c2",
                "sha256:6ece2e12e4b57bc5646b354f436416cd2a6f090c1dadcd92b0ca4542190d7190",
                "sha256:b978afdb913ca953cf128d57181da2e8798e8b6153be866ae2a9c446c6162f40",
                "sha256:7f88c4b8e449908eeddb3bbd4242bd4dc2c7a15a7aa44bb33df893203f02dc2d",
                "sha256:e348f1904a4fab4153407f7ccc27e43b2a139752e8acf12e6640ba683093dd96",
                "sha256:c839bf28e45d7ddad4ae8f986928dbf5a6d42ff79760d54ec8ada8fb263e097c",
                "sha256:8ae5a071185f1a93777c79a9a1e67ac46544d4607f18d07131eece08d415083a",
                "sha256:c222f91a45da9e01a9bc4f760727ae49050f8e8345c4ff6525495f7a164c8973",
                "sha256:a4e8f072db1d6fb7a7cc05a6dbef8442c93001f4bb604f1081d8c2db3ca97159",
                "sha256:be9a650890fb60393e60aacb65878c4a38bb334720aa5ecb1c13d0dac54dd73b",
                "sha256:8ec2e55bf31b43aabe32089125dca3b46fdfe9f50afbf0756ae11e14c97b80ca",
                "sha256:1d1078ba770d6165abed3d9a1be1f9e79b61515de1dd00d942fa53bba79f01ae",
                "sha256:cbb5eb4a2ea1ffec26268d49766cafa8f957fe5c1b41ad00733763fae77f9436",
                "sha256:2e6cda72db409eefad6b021e8a4f964965a629f577812afc7860c69df7bdb84a",
                "sha256:b1605c7c38cc6a85212dfd6a641f3905a33412e49f7c003f35f9ac6d71f67720",
                "sha256:81237957b15469ea9151ec8ca08ce05656090ffabc476a752ef5ad7e2644c526",
                "sha256:240009fdf4fa87844f805e23f48995537a8cb8f8c361e35fda6b5ac97fcb906f",
                "sha256:240c2d51d098395c012ddbcb9bd7b3ba5de412a1d11840698859f51d0e643c4f",
                "sha256:8b6086aa6936865962b2cee0e7aaecf01ab6778ce099288354a7229b4d9f1408",
                "sha256:0d98dca86f77b851350c250f0149aa5852b36572514d20feeadd3c6b1efe38d0",
                "sha256:91eb4916271655dfe3a952249cb37a5c00b6ba68b4417ee15af9ba549b5ba61d",
                "sha256:fa4d97d7d2b2c082e67907c0b8d9f31b85aa5d3ba0d33096b7116f03f8061261",
                "sha256:71469b5845b9876b8d3d252e201bef6f47bf7456804d2fbe9a1d6e19e78a1e65",
                "sha256:8ff3033e43e7ca1389ee59fb7ecb8303abb8713c008a1da49b00869e92e3dd7c",
                "sha256:89b57c2984f4464840e4b768affeff6b6809c6150d1166938ade3e22fbe22db8",
                "sha256:ffbdb9a96c536f0405895b5e21ee39ec579cb0ed97bdbd169ae2b55f41d73219",
                "sha256:8a830a03970c462d1a2311c90e05679da56d3bd8e78a4ba9985cb78ef7836c9f",
                "sha256:f74f2a13af201559e3d32b9ddfc303c94ae63d63d7f4326d06ce6fe67e7a8255",
                "sha256:e677cc3626287f343de751e11b1e8a5b915a6ac897e8aecdbc996cd34de753a0",
                "sha256:b3e251e5c38ac623c5d786adb21477f018712f8c6fa54781bd38aa1c60b60fc2",
                "sha256:0c380bb5ae20d829c1a5473cfcae64267b73aaa4060adc091f6df1743784aae0",
                "sha256:484f2a5f0307bc944bc79db235f41048bae4106ffa764168a068d88b644b305d",
                "sha256:0e8afdf533b613122e4bbaf3c1e42c2a5e9e2d1dd3a0a017749a7658757cb377",
                "sha256:42f6ef9b640deb6f7d438e0a371aedd8bef6ddfde30683491b2e6f568b4e884e",
                "sha256:7f606d91b8a8816be476513a77fd30abe66227039bd6f8b406c348cb0247dcc9"
            ],
            "index": "pypi-org-simple",
            "version": "==1.4.2"
        },
        "matplotlib": {
            "hashes": [
                "sha256:75c406c527a3aa07638689586343f4b344fcc7ab1f79c396699eb550cd2b91f7",
                "sha256:4a44cdfdb9d1b2f18b1e7d315eb3843abb097869cd1ef89cfce6a488cd1b5182",
                "sha256:3d8e129af95b156b41cb3be0d9a7512cc6d73e2b2109f82108f566dbabdbf377",
                "sha256:364e6bca34edc10a96aa3b1d7cd76eb2eea19a4097198c1b19e89bee47ed5781",
                "sha256:ea75df8e567743207e2b479ba3d8843537be1c146d4b1e3e395319a4e1a77fe9",
                "sha256:44c6436868186564450df8fd2fc20ed9daaef5caad699aa04069e87099f9b5a8",
                "sha256:7d7705022df2c42bb02937a2a824f4ec3cca915700dd80dc23916af47ff05f1a",
                "sha256:ee0b8e586ac07f83bb2950717e66cb305e2859baf6f00a9c39cc576e0ce9629c",
                "sha256:c772264631e5ae61f0bd41313bbe48e1b9bcc95b974033e1118c9caa1a84d5c6",
                "sha256:751d3815b555dcd6187ad35b21736dc12ce6925fc3fa363bbc6dc0f86f16484f",
                "sha256:31fbc2af27ebb820763f077ec7adc79b5a031c2f3f7af446bd7909674cd59460",
                "sha256:4fa28ca76ac5c2b2d54bc058b3dad8e22ee85d26d1ee1b116a6fd4d2277b6a04",
                "sha256:24173c23d1bcbaed5bf47b8785d27933a1ac26a5d772200a0f3e0e38f471b001",
                "sha256:48cf850ce14fa18067f2d9e0d646763681948487a8080ec0af2686468b4607a2",
                "sha256:03bbb3f5f78836855e127b5dab228d99551ad0642918ccbf3067fcd52ac7ac5e",
                "sha256:49a5938ed6ef9dda560f26ea930a2baae11ea99e1c2080c8714341ecfda72a89",
                "sha256:77157be0fc4469cbfb901270c205e7d8adb3607af23cef8bd11419600647ceed",
                "sha256:5844cea45d804174bf0fac219b4ab50774e504bef477fc10f8f730ce2d623441",
                "sha256:c87973ddec10812bddc6c286b88fdd654a666080fbe846a1f7a3b4ba7b11ab78",
                "sha256:4a05f2b37222319753a5d43c0a4fd97ed4ff15ab502113e3f2625c26728040cf",
                "sha256:9776e1a10636ee5f06ca8efe0122c6de57ffe7e8c843e0fb6e001e9d9256ec95",
                "sha256:b4fedaa5a9aa9ce14001541812849ed1713112651295fdddd640ea6620e6cf98",
                "sha256:ee175a571e692fc8ae8e41ac353c0e07259113f4cb063b0ec769eff9717e84bb",
                "sha256:2e8bda1088b941ead50caabd682601bece983cadb2283cafff56e8fcddbf7d7f",
                "sha256:9480842d5aadb6e754f0b8f4ebeb73065ac8be1855baa93cd082e46e770591e9",
                "sha256:6c623b355d605a81c661546af7f24414165a8a2022cddbe7380a31a4170fa2e9",
                "sha256:a91426ae910819383d337ba0dc7971c7cefdaa38599868476d94389a329e599b",
                "sha256:c4b82c2ae6d305fcbeb0eb9c93df2602ebd2f174f6e8c8a5d92f9445baa0c1d3",
                "sha256:ebc27ad11df3c1661f4677a7762e57a8a91dd41b466c3605e90717c9a5f90c82",
                "sha256:5a32ea6e12e80dedaca2d4795d9ed40f97bfa56e6011e14f31502fdd528b9c89",
                "sha256:2a0967d4156adbd0d46db06bc1a877f0370bce28d10206a5071f9ecd6dc60b79",
                "sha256:e2b696699386766ef171a259d72b203a3c75d99d03ec383b97fc2054f52e15cf",
                "sha256:7f409716119fa39b03da3d9602bd9b41142fab7a0568758cd136cd80b1bf36c8",
                "sha256:b8d3f4e71e26307e8c120b72c16671d70c5cd08ae412355c11254aa8254fb87f",
                "sha256:b6c63cd01cad0ea8704f1fd586e9dc5777ccedcd42f63cbbaa3eae8dd41172a1"
            ],
            "index": "pypi-org-simple",
            "version": "==3.5.2"
        },
        "networkx": {
            "hashes": [
                "sha256:51d6ae63c24dcd33901357688a2ad20d6bcd38f9a4c5307720048d3a8081059c",
                "sha256:ae99c9b0d35e5b4a62cf1cfea01e5b3633d8d02f4a0ead69685b6e7de5b85eab",
                "sha256:51d6ae63c24dcd33901357688a2ad20d6bcd38f9a4c5307720048d3a8081059c",
                "sha256:ae99c9b0d35e5b4a62cf1cfea01e5b3633d8d02f4a0ead69685b6e7de5b85eab"
            ],
            "index": "pypi-org-simple",
            "version": "==2.8.2"
        },
        "numpy": {
            "hashes": [
                "sha256:508b0b513fa1266875524ba8a9ecc27b02ad771fe1704a16314dc1a816a68737",
                "sha256:5dfe9d6a4c39b8b6edd7990091fea4f852888e41919d0e6722fe78dd421db0eb",
                "sha256:8a10968963640e75cc0193e1847616ab4c718e83b6938ae74dea44953950f6b7",
                "sha256:49c6249260890e05b8111ebfc391ed58b3cb4b33e63197b2ec7f776e45330721",
                "sha256:f8f4625536926a155b80ad2bbff44f8cc59e9f2ad14cdda7acf4c135b4dc8ff2",
                "sha256:e54af82d68ef8255535a6cdb353f55d6b8cf418a83e2be3569243787a4f4866f",
                "sha256:f41b018f126aac18583956c54544db437f25c7ee4794bcb23eb38bef8e5e192a",
                "sha256:50cd26b0cf6664cb3b3dd161ba0a09c9c1343db064e7c69f9f8b551f5104d654",
                "sha256:4cc9b512e9fb590797474f58b7f6d1f1b654b3a94f4fa8558b48ca8b3cfc97cf",
                "sha256:88a5d6b268e9ad18f3533e184744acdaa2e913b13148160b1152300c949bbb5f",
                "sha256:3c09418a14471c7ae69ba682e2428cae5b4420a766659605566c0fa6987f6b7e",
                "sha256:90bec6a86b348b4559b6482e2b684db4a9a7eed1fa054b86115a48d58fbbf62a",
                "sha256:043e83bfc274649c82a6f09836943e4a4aebe5e33656271c7dbf9621dd58b8ec",
                "sha256:75621882d2230ab77fb6a03d4cbccd2038511491076e7964ef87306623aa5272",
                "sha256:188031f833bbb623637e66006cf75e933e00e7231f67e2b45cf8189612bb5dc3",
                "sha256:160ccc1bed3a8371bf0d760971f09bfe80a3e18646620e9ded0ad159d9749baa",
                "sha256:29fb3dcd0468b7715f8ce2c0c2d9bbbaf5ae686334951343a41bd8d155c6ea27",
                "sha256:32437f0b275c1d09d9c3add782516413e98cd7c09e6baf4715cbce781fc29912",
                "sha256:e606e6316911471c8d9b4618e082635cfe98876007556e89ce03d52ff5e8fcf0",
                "sha256:a99a6b067e5190ac6d12005a4d85aa6227c5606fa93211f86b1dafb16233e57d",
                "sha256:dde972a1e11bb7b702ed0e447953e7617723760f420decb97305e66fb4afc54f",
                "sha256:fe52dbe47d9deb69b05084abd4b0df7abb39a3c51957c09f635520abd49b29dd",
                "sha256:75eb7cadc8da49302f5b659d40ba4f6d94d5045fbd9569c9d058e77b0514c9e4",
                "sha256:2a6ee9620061b2a722749b391c0d80a0e2ae97290f1b32e28d5a362e21941ee4",
                "sha256:5c4193f70f8069550a1788bd0cd3268ab7d3a2b70583dfe3b2e7f421e9aace06",
                "sha256:28f15209fb535dd4c504a7762d3bc440779b0e37d50ed810ced209e5cea60d96",
                "sha256:c6c2d535a7beb1f8790aaa98fd089ceab2e3dd7ca48aca0af7dc60e6ef93ffe1",
                "sha256:bffa2eee3b87376cc6b31eee36d05349571c236d1de1175b804b348dc0941e3f",
                "sha256:cc14e7519fab2a4ed87d31f99c31a3796e4e1fe63a86ebdd1c5a1ea78ebd5896",
                "sha256:dd0482f3fc547f1b1b5d6a8b8e08f63fdc250c58ce688dedd8851e6e26cff0f3",
                "sha256:300321e3985c968e3ae7fbda187237b225f3ffe6528395a5b7a5407f73cf093e",
                "sha256:98339aa9911853f131de11010f6dd94c8cec254d3d1f7261528c3b3e3219f139",
                "sha256:63571bb7897a584ca3249c86dd01c10bcb5fe4296e3568b2e9c1a55356b6410e"
            ],
            "index": "pypi-org-simple",
            "version": "==1.21.3"
        },
        "opencv-python": {
            "hashes": [
                "sha256:2601388def0d6b957cc30dd88f8ff74a5651ae6940dd9e488241608cfa2b15c7",
                "sha256:71fdc49df412b102d97f14927321309043c79c4a3582cce1dc803370ff9c39c0",
                "sha256:130cc75d56b29aa3c5de8b6ac438242dd2574ba6eaa8bccdffdcfd6b78632f7f",
                "sha256:3a75c7ad45b032eea0c72e389aac6dd435f5c87e87f60237095c083400bc23aa",
                "sha256:c463d2276d8662b972d20ca9644702188507de200ca5405b89e1fe71c5c99989",
                "sha256:ac92e743e22681f30001942d78512c1e39bce53dbffc504e5645fdc45c0f2c47",
                "sha256:3efe232b32d5e1327e7c82bc6d61230737821c5190ce5c783e64a1bc8d514e18"
            ],
            "index": "pypi-org-simple",
            "version": "==4.5.5.62"
        },
        "packaging": {
            "hashes": [
                "sha256:ef103e05f519cdc783ae24ea4e2e0f508a9c99b2d4969652eed6a2e1ea5bd522",
                "sha256:dd47c42927d89ab911e606518907cc2d3a1f38bbd026385970643f9c5b8ecfeb"
            ],
            "index": "pypi-org-simple",
            "version": "==21.3"
        },
        "pillow": {
            "hashes": [
                "sha256:9bfdb82cdfeccec50aad441afc332faf8606dfa5e8efd18a6692b5d6e79f00fd",
                "sha256:5100b45a4638e3c00e4d2320d3193bdabb2d75e79793af7c3eb139e4f569f16f",
                "sha256:528a2a692c65dd5cafc130de286030af251d2ee0483a5bf50c9348aefe834e8a",
                "sha256:0f29d831e2151e0b7b39981756d201f7108d3d215896212ffe2e992d06bfe049",
                "sha256:855c583f268edde09474b081e3ddcd5cf3b20c12f26e0d434e1386cc5d318e7a",
                "sha256:d9d7942b624b04b895cb95af03a23407f17646815495ce4547f0e60e0b06f58e",
                "sha256:81c4b81611e3a3cb30e59b0cf05b888c675f97e3adb2c8672c3154047980726b",
                "sha256:413ce0bbf9fc6278b2d63309dfeefe452835e1c78398efb431bab0672fe9274e",
                "sha256:80fe64a6deb6fcfdf7b8386f2cf216d329be6f2781f7d90304351811fb591360",
                "sha256:cef9c85ccbe9bee00909758936ea841ef12035296c748aaceee535969e27d31b",
                "sha256:1d19397351f73a88904ad1aee421e800fe4bbcd1aeee6435fb62d0a05ccd1030",
                "sha256:d21237d0cd37acded35154e29aec853e945950321dd2ffd1a7d86fe686814669",
                "sha256:ede5af4a2702444a832a800b8eb7f0a7a1c0eed55b644642e049c98d589e5092",
                "sha256:b5b3f092fe345c03bca1e0b687dfbb39364b21ebb8ba90e3fa707374b7915204",
                "sha256:335ace1a22325395c4ea88e00ba3dc89ca029bd66bd5a3c382d53e44f0ccd77e",
                "sha256:db6d9fac65bd08cea7f3540b899977c6dee9edad959fa4eaf305940d9cbd861c",
                "sha256:f154d173286a5d1863637a7dcd8c3437bb557520b01bddb0be0258dcb72696b5",
                "sha256:14d4b1341ac07ae07eb2cc682f459bec932a380c3b122f5540432d8977e64eae",
                "sha256:effb7749713d5317478bb3acb3f81d9d7c7f86726d41c1facca068a04cf5bb4c",
                "sha256:7f7609a718b177bf171ac93cea9fd2ddc0e03e84d8fa4e887bdfc39671d46b00",
                "sha256:80ca33961ced9c63358056bd08403ff866512038883e74f3a4bf88ad3eb66838",
                "sha256:1c3c33ac69cf059bbb9d1a71eeaba76781b450bc307e2291f8a4764d779a6b28",
                "sha256:12875d118f21cf35604176872447cdb57b07126750a33748bac15e77f90f1f9c",
                "sha256:514ceac913076feefbeaf89771fd6febde78b0c4c1b23aaeab082c41c694e81b",
                "sha256:d3c5c79ab7dfce6d88f1ba639b77e77a17ea33a01b07b99840d6ed08031cb2a7",
                "sha256:718856856ba31f14f13ba885ff13874be7fefc53984d2832458f12c38205f7f7",
                "sha256:f25ed6e28ddf50de7e7ea99d7a976d6a9c415f03adcaac9c41ff6ff41b6d86ac",
                "sha256:011233e0c42a4a7836498e98c1acf5e744c96a67dd5032a6f666cc1fb97eab97",
                "sha256:253e8a302a96df6927310a9d44e6103055e8fb96a6822f8b7f514bb7ef77de56",
                "sha256:6295f6763749b89c994fcb6d8a7f7ce03c3992e695f89f00b741b4580b199b7e",
                "sha256:a9f44cd7e162ac6191491d7249cceb02b8116b0f7e847ee33f739d7cb1ea1f70",
                "sha256:6c8bc8238a7dfdaf7a75f5ec5a663f4173f8c367e5a39f87e720495e1eed75fa"
            ],
            "index": "pypi-org-simple",
            "version": "==9.0.1"
        },
        "pyifd": {
            "hashes": [
                "sha256:e15d244d410e8eb29ec43ef402f66e1dc94826d14b7a7c733ba5294103f2e540",
                "sha256:79bf2b8fe52585ef8ff78f8676247bf48caf1408672ecd55df0db958d5e3a548"
            ],
            "index": "pypi-org-simple",
            "version": "==0.0.3"
        },
        "pyparsing": {
            "hashes": [
                "sha256:ef7b523f6356f763771559412c0d7134753f037822dad1b16945b7b846f7ad06",
                "sha256:7bf433498c016c4314268d95df76c81b842a4cb2b276fa3312cfb1e1d85f6954",
                "sha256:ef7b523f6356f763771559412c0d7134753f037822dad1b16945b7b846f7ad06",
                "sha256:7bf433498c016c4314268d95df76c81b842a4cb2b276fa3312cfb1e1d85f6954"
            ],
            "index": "pypi-org-simple",
            "version": "==3.0.8"
        },
        "python-dateutil": {
            "hashes": [
                "sha256:961d03dc3453ebbc59dbdea9e4e11c5651520a876d0f4db161e8674aae935da9",
                "sha256:0123cacc1627ae19ddf3c27a5de5bd67ee4586fbdd6440d9748f8abb483d3e86"
            ],
            "index": "pypi-org-simple",
            "version": "==2.8.2"
        },
        "pywavelets": {
            "hashes": [
                "sha256:4c29efb581245e4ba3e76b23b1bf254a7c79821d7e63f432e68044cf2d233e9e",
                "sha256:3089aa6b4962e1f5dbd0434a10f174f7a50f80bf64cb7d33cc725af07bd30ecc",
                "sha256:16c30e98f52e1a5d0a06b4b8f294114aaa94a0e95445b4056b6ca0a7a5535a42",
                "sha256:79386f4d8518e344487acf22b1c130e5907b3c45852aa50c18df5e19895aa92e",
                "sha256:b9bf543d552d20cf6ddfd690c5c18afacc8440cfb09b7515b2242bb9abfcc5eb",
                "sha256:28bb3d7d411ffbcfaa5a81a5a32044805893752c1641b39f6544b7e0a24661c3",
                "sha256:333e1370167b0a2b963df82e42968000734bfa23b2ce88191e8ce9d24fc4cc57",
                "sha256:2ec1fc92573f56c1b129006d109e7518a098f3c8c6a2183b495619faca931461",
                "sha256:d30c09fa805533bf7c8a5d06aa8babda5ae6c1541cd652cb2ebe6ab0b9536c0e",
                "sha256:73805016353a47c5b5f9cea547ea6ae07cd3520abfd7888916ff56b01e71307a",
                "sha256:ec670e78be2c3193e26c4bfa31dff1edd89ee8d7e2f4219782f3ef3f6daf37f0",
                "sha256:151a7f3d3db36baffe640d691403b7cd3938a1886c8a387b719e7e8b580dd4b1",
                "sha256:616fd2967dd153c3f539b1e0979168969f3702125caae4caa769efc5621cc2b7",
                "sha256:abedc0b49273a734d4592e325a5fb32f0741e115d6722e0c59964ecf21344640",
                "sha256:9b05d2f21da666f918692f0313484002307794b5380f7291a395b9271abdda5c",
                "sha256:537b5a8a8a3e9e5b931d34b517aa2312a3d8385937f98c4f8ffa668483329cfb",
                "sha256:7a725030682bf891ced9819b4b21d6ef356fa11b70399d2d3adb319aead1efb0",
                "sha256:d9831b251f63460302811607f80a20285292ed0a0a046f95b4648edc0ed90f9c",
                "sha256:7e4749ff324e8e01a2fdc859ac9714c4be1cbc6e8a34d5ddedb28fc9513b31a1",
                "sha256:333684cc0d0e89cf6cb3a8b3ea68528790e1a3edc565a100cda47e29860f892d",
                "sha256:71415f2c376ae3e1331249043dddb63370c92fed162ebcb108fd87e12a956d89",
                "sha256:44315d197bad9564210ef42f2d5a01c07ee6fd456c679d4a6d0f4e23ec9930cf",
                "sha256:c8b388652b6afb4bf7be313be057240386de93817c6744c2aaf43a22890733c8",
                "sha256:a1131c27b9f79ca56dd6347d5585a609f51ed3cad0cfb6c17419b1733d3b6acd",
                "sha256:df4d950be507a68d107c8f618ef7a9e0d9071789cfc1a840f89d0c985448880f",
                "sha256:8a72f11c4d23f8ed8544def0003f500e98598e7a1efce892e6f964c430469c05",
                "sha256:be231e4bc569f2b1177711390d406d08ce388c1e01ab864f89be8928db234856",
                "sha256:90d53119f4b518236ad9a8a6be96d86efb1b4eeb73c28e3ed33824ae601ce7b1",
                "sha256:351937e4fc6f3df3555cd2813e73bfc344885c5d994fd621d13dd004d05a4cb7",
                "sha256:33375e3e6e361659f2519d412de2b50e2527a97c3946ffd66ca20a8ea1346fea",
                "sha256:449d2d5f9c1f28a1bce01f714f9f742d9fdbce90f66de0a92cad39d98d24477b",
                "sha256:18d84982417790a645f74cb0f968e89fb8af575dbf17a52c64af5075aa5528b8",
                "sha256:b3d9dab8223d0ce30e7480751f526ce1e97a1dcf5242875f8206e4449953116c",
                "sha256:a82e8c307b98d65737b286e0b458343ecee8505dfb519cd314a5f211f4fb92b9",
                "sha256:663d265cb433653ef6335973edd13c66cd86c85fbe9c09e4bd138119bac15974",
                "sha256:fd5ca221ac7bedb2a9aebcf3b05020827564db5a979b25005b3a2c7ba84069a2",
                "sha256:69cfc7f2ceb0a1097e7e8d1a026cbb2ff1afecc2d79820856f1abccb6cb59cc4",
                "sha256:6cbd69b047bb4e00873097472133425f5f08a4e6bc8b3f0ae709274d4d5e9a8d"
            ],
            "index": "pypi-org-simple",
            "version": "==1.2.0"
        },
        "scikit-image": {
            "hashes": [
                "sha256:935c95d207c9bcaff20b69164401089ef2efd7f89dbbbf13ab75a5f65ff695b5",
                "sha256:956cb8b60f6668974cadb70b0c4f5e13dd4673ffff3d5906d5d23333c76350e9",
                "sha256:4ce41df8e06724f8fdb20c555988666520c322d47df7c898422330d4e3cd3900",
                "sha256:a2a0a3df8ab2e862fda4363551801d630dc2fd7f1036f14479acde418315a38b",
                "sha256:0af44a48bb369be936303680511cea3c717b51218275ea5ea339a2aefa25c0ac",
                "sha256:9b88590c243692d21f2b772bc83ad1aacdc7d605fbf0be32ea60b1e96aac920e",
                "sha256:498d0e4fe70776238c7d1362dea7c2b41bf4a40617f6a742ffa3f59aa0392bb7",
                "sha256:66bb26ca1e9c0924557ef3e6aee9fd8c21da96c7d5ba2b8864868c53723b45df",
                "sha256:56ffd1394aacd994963774e927a16f1ba2c094a9254b230da2c50147c661362a",
                "sha256:1bba9378cd77e7ff57b0f7a60ca167a728cffcac56d3e283ca7423e0c7d5e4a0",
                "sha256:b98cfa8aa9aa31519d5510973362748753c5d420d5cc60112a65e000fe3d3068",
                "sha256:5ab19b11bd5f836a3de07f087d24db5ea734365122956f53dc5c5c9e018e2ec0",
                "sha256:cabf07a7886861510d4a39ed64fc121708fb7d72a6fe601d87388d36240f4242",
                "sha256:aa40f84383961a1a4afebb92f373e42a3d86e2540f012a4f7d2661a417f9e995",
                "sha256:d3d0a85c6f53f0d4f704e67b35b3e8c6570846ec37eaeb1ca0f47a1088708cb8",
                "sha256:cd115a4412b4561d62036e309c8cb543bfc2ca6b7b184ac23a65f6350959a716",
                "sha256:d2c022044eb762d3f03ed6e08a3e06c067953393036e4ca2bf16b0bffde36acb",
                "sha256:b0f294ed7f0ea1e90fb6c764d04b8c298096b3403fad7539b9c6f22777d879c6",
                "sha256:ad89c6ddbcc4d8ea8b7ebe1ae587be2067dad7927276576fe4097e42e370dadc",
                "sha256:52c683e8615e28bfe5fe6fa2ac2563898d0c0b37f231d5b59e18abb8ed3805a2",
                "sha256:a0025edbe1412c413d6b3251cc8ff94530cf45b31819daed1811340b93f51e38",
                "sha256:477d3166da104b4914920d6db84183dd3af46430d13a0a3451a92eb58b5c9259",
                "sha256:f0e5c6e7c7c54c0b827e6288d9f44ae6d290c0aef979e7de1511d2f5fc6f9c0f",
                "sha256:99696479cf6fd19bb06ea43269c0728bb75c2ce9cd3710829ac0f1590eecf0dc",
                "sha256:9d3fd65ec424de83e6fee22480db5431a9b91d280a34ab3e6bf83528e4289f5c",
                "sha256:d433b4642a6f8219e749dfbbe4b5e742d560996540c9749ede510274d061866d",
                "sha256:935c95d207c9bcaff20b69164401089ef2efd7f89dbbbf13ab75a5f65ff695b5",
                "sha256:956cb8b60f6668974cadb70b0c4f5e13dd4673ffff3d5906d5d23333c76350e9",
                "sha256:4ce41df8e06724f8fdb20c555988666520c322d47df7c898422330d4e3cd3900",
                "sha256:a2a0a3df8ab2e862fda4363551801d630dc2fd7f1036f14479acde418315a38b",
                "sha256:0af44a48bb369be936303680511cea3c717b51218275ea5ea339a2aefa25c0ac",
                "sha256:9b88590c243692d21f2b772bc83ad1aacdc7d605fbf0be32ea60b1e96aac920e",
                "sha256:498d0e4fe70776238c7d1362dea7c2b41bf4a40617f6a742ffa3f59aa0392bb7",
                "sha256:66bb26ca1e9c0924557ef3e6aee9fd8c21da96c7d5ba2b8864868c53723b45df",
                "sha256:56ffd1394aacd994963774e927a16f1ba2c094a9254b230da2c50147c661362a",
                "sha256:1bba9378cd77e7ff57b0f7a60ca167a728cffcac56d3e283ca7423e0c7d5e4a0",
                "sha256:b98cfa8aa9aa31519d5510973362748753c5d420d5cc60112a65e000fe3d3068",
                "sha256:5ab19b11bd5f836a3de07f087d24db5ea734365122956f53dc5c5c9e018e2ec0",
                "sha256:cabf07a7886861510d4a39ed64fc121708fb7d72a6fe601d87388d36240f4242",
                "sha256:aa40f84383961a1a4afebb92f373e42a3d86e2540f012a4f7d2661a417f9e995",
                "sha256:d3d0a85c6f53f0d4f704e67b35b3e8c6570846ec37eaeb1ca0f47a1088708cb8",
                "sha256:cd115a4412b4561d62036e309c8cb543bfc2ca6b7b184ac23a65f6350959a716",
                "sha256:d2c022044eb762d3f03ed6e08a3e06c067953393036e4ca2bf16b0bffde36acb",
                "sha256:b0f294ed7f0ea1e90fb6c764d04b8c298096b3403fad7539b9c6f22777d879c6",
                "sha256:ad89c6ddbcc4d8ea8b7ebe1ae587be2067dad7927276576fe4097e42e370dadc",
                "sha256:52c683e8615e28bfe5fe6fa2ac2563898d0c0b37f231d5b59e18abb8ed3805a2",
                "sha256:a0025edbe1412c413d6b3251cc8ff94530cf45b31819daed1811340b93f51e38",
                "sha256:477d3166da104b4914920d6db84183dd3af46430d13a0a3451a92eb58b5c9259",
                "sha256:f0e5c6e7c7c54c0b827e6288d9f44ae6d290c0aef979e7de1511d2f5fc6f9c0f",
                "sha256:99696479cf6fd19bb06ea43269c0728bb75c2ce9cd3710829ac0f1590eecf0dc",
                "sha256:9d3fd65ec424de83e6fee22480db5431a9b91d280a34ab3e6bf83528e4289f5c",
                "sha256:d433b4642a6f8219e749dfbbe4b5e742d560996540c9749ede510274d061866d"
            ],
            "index": "pypi-org-simple",
            "version": "==0.19.2"
        },
        "scipy": {
            "hashes": [
                "sha256:65b77f20202599c51eb2771d11a6b899b97989159b7975e9b5259594f1d35ef4",
                "sha256:e013aed00ed776d790be4cb32826adb72799c61e318676172495383ba4570aa4",
                "sha256:02b567e722d62bddd4ac253dafb01ce7ed8742cf8031aea030a41414b86c1125",
                "sha256:1da52b45ce1a24a4a22db6c157c38b39885a990a566748fc904ec9f03ed8c6ba",
                "sha256:a0aa8220b89b2e3748a2836fbfa116194378910f1a6e78e4675a095bcd2c762d",
                "sha256:4e53a55f6a4f22de01ffe1d2f016e30adedb67a699a310cdcac312806807ca81",
                "sha256:28d2cab0c6ac5aa131cc5071a3a1d8e1366dad82288d9ec2ca44df78fb50e649",
                "sha256:6311e3ae9cc75f77c33076cb2794fb0606f14c8f1b1c9ff8ce6005ba2c283621",
                "sha256:3b69b90c9419884efeffaac2c38376d6ef566e6e730a231e15722b0ab58f0328",
                "sha256:6cc6b33139eb63f30725d5f7fa175763dc2df6a8f38ddf8df971f7c345b652dc",
                "sha256:9c4e3ae8a716c8b3151e16c05edb1daf4cb4d866caa385e861556aff41300c14",
                "sha256:23b22fbeef3807966ea42d8163322366dd89da9bebdc075da7034cee3a1441ca",
                "sha256:4b93ec6f4c3c4d041b26b5f179a6aab8f5045423117ae7a45ba9710301d7e462",
                "sha256:70ebc84134cf0c504ce6a5f12d6db92cb2a8a53a49437a6bb4edca0bc101f11c",
                "sha256:f3e7a8867f307e3359cc0ed2c63b61a1e33a19080f92fe377bc7d49f646f2ec1",
                "sha256:2ef0fbc8bcf102c1998c1f16f15befe7cffba90895d6e84861cd6c6a33fb54f6",
                "sha256:83606129247e7610b58d0e1e93d2c5133959e9cf93555d3c27e536892f1ba1f2",
                "sha256:93d07494a8900d55492401917a119948ed330b8c3f1d700e0b904a578f10ead4",
                "sha256:d3b3c8924252caaffc54d4a99f1360aeec001e61267595561089f8b5900821bb",
                "sha256:70de2f11bf64ca9921fda018864c78af7147025e467ce9f4a11bc877266900a6",
                "sha256:1166514aa3bbf04cb5941027c6e294a000bba0cf00f5cdac6c77f2dad479b434",
                "sha256:9dd4012ac599a1e7eb63c114d1eee1bcfc6dc75a29b589ff0ad0bb3d9412034f",
                "sha256:9e3fb1b0e896f14a85aa9a28d5f755daaeeb54c897b746df7a55ccb02b340f33",
                "sha256:65b77f20202599c51eb2771d11a6b899b97989159b7975e9b5259594f1d35ef4",
                "sha256:e013aed00ed776d790be4cb32826adb72799c61e318676172495383ba4570aa4",
                "sha256:02b567e722d62bddd4ac253dafb01ce7ed8742cf8031aea030a41414b86c1125",
                "sha256:1da52b45ce1a24a4a22db6c157c38b39885a990a566748fc904ec9f03ed8c6ba",
                "sha256:a0aa8220b89b2e3748a2836fbfa116194378910f1a6e78e4675a095bcd2c762d",
                "sha256:4e53a55f6a4f22de01ffe1d2f016e30adedb67a699a310cdcac312806807ca81",
                "sha256:28d2cab0c6ac5aa131cc5071a3a1d8e1366dad82288d9ec2ca44df78fb50e649",
                "sha256:6311e3ae9cc75f77c33076cb2794fb0606f14c8f1b1c9ff8ce6005ba2c283621",
                "sha256:3b69b90c9419884efeffaac2c38376d6ef566e6e730a231e15722b0ab58f0328",
                "sha256:6cc6b33139eb63f30725d5f7fa175763dc2df6a8f38ddf8df971f7c345b652dc",
                "sha256:9c4e3ae8a716c8b3151e16c05edb1daf4cb4d866caa385e861556aff41300c14",
                "sha256:23b22fbeef3807966ea42d8163322366dd89da9bebdc075da7034cee3a1441ca",
                "sha256:4b93ec6f4c3c4d041b26b5f179a6aab8f5045423117ae7a45ba9710301d7e462",
                "sha256:70ebc84134cf0c504ce6a5f12d6db92cb2a8a53a49437a6bb4edca0bc101f11c",
                "sha256:f3e7a8867f307e3359cc0ed2c63b61a1e33a19080f92fe377bc7d49f646f2ec1",
                "sha256:2ef0fbc8bcf102c1998c1f16f15befe7cffba90895d6e84861cd6c6a33fb54f6",
                "sha256:83606129247e7610b58d0e1e93d2c5133959e9cf93555d3c27e536892f1ba1f2",
                "sha256:93d07494a8900d55492401917a119948ed330b8c3f1d700e0b904a578f10ead4",
                "sha256:d3b3c8924252caaffc54d4a99f1360aeec001e61267595561089f8b5900821bb",
                "sha256:70de2f11bf64ca9921fda018864c78af7147025e467ce9f4a11bc877266900a6",
                "sha256:1166514aa3bbf04cb5941027c6e294a000bba0cf00f5cdac6c77f2dad479b434",
                "sha256:9dd4012ac599a1e7eb63c114d1eee1bcfc6dc75a29b589ff0ad0bb3d9412034f",
                "sha256:9e3fb1b0e896f14a85aa9a28d5f755daaeeb54c897b746df7a55ccb02b340f33"
            ],
            "index": "pypi-org-simple",
            "version": "==1.8.1"
        },
        "six": {
            "hashes": [
                "sha256:8abb2f1d86890a2dfb989f9a77cfcfd3e47c2a354b01111771326f8aa26e0254",
                "sha256:1e61c37477a1626458e36f7b1d82aa5c9b094fa4802892072e49de9c60c4c926"
            ],
            "index": "pypi-org-simple",
            "version": "==1.16.0"
        },
        "tifffile": {
            "hashes": [
                "sha256:52b4c02040d00c1811e26c0f6abd41e77e2d57559b3657ff3e873955f74f5c57",
                "sha256:b03147a15862b7c1d90d47435197f149bef7a52c25ad67cf1f9b465faa71b8d2",
                "sha256:52b4c02040d00c1811e26c0f6abd41e77e2d57559b3657ff3e873955f74f5c57",
                "sha256:b03147a15862b7c1d90d47435197f149bef7a52c25ad67cf1f9b465faa71b8d2"
            ],
            "index": "pypi-org-simple",
            "markers": "extra == \"docs\"",
            "version": "==2022.5.4"
        }
    },
    "develop": {}
}
